PODS:
  - connectivity_plus (0.0.1):
    - Flutter
    - ReachabilitySwift
  - Firebase/CoreOnly (10.10.0):
    - FirebaseCore (= 10.10.0)
  - Firebase/Crashlytics (10.10.0):
    - Firebase/CoreOnly
    - FirebaseCrashlytics (~> 10.10.0)
  - Firebase/Performance (10.10.0):
    - Firebase/CoreOnly
    - FirebasePerformance (~> 10.10.0)
  - firebase_core (2.14.0):
    - Firebase/CoreOnly (= 10.10.0)
    - Flutter
  - firebase_crashlytics (3.3.3):
    - Firebase/Crashlytics (= 10.10.0)
    - firebase_core
    - Flutter
  - firebase_performance (0.9.2-3):
    - Firebase/Performance (= 10.10.0)
    - firebase_core
    - Flutter
  - FirebaseABTesting (10.11.0):
    - FirebaseCore (~> 10.0)
  - FirebaseCore (10.10.0):
    - FirebaseCoreInternal (~> 10.0)
    - GoogleUtilities/Environment (~> 7.8)
    - GoogleUtilities/Logger (~> 7.8)
  - FirebaseCoreExtension (10.11.0):
    - FirebaseCore (~> 10.0)
  - FirebaseCoreInternal (10.11.0):
    - "GoogleUtilities/NSData+zlib (~> 7.8)"
  - FirebaseCrashlytics (10.10.0):
    - FirebaseCore (~> 10.5)
    - FirebaseInstallations (~> 10.0)
    - FirebaseSessions (~> 10.5)
    - GoogleDataTransport (~> 9.2)
    - GoogleUtilities/Environment (~> 7.8)
    - nanopb (< 2.30910.0, >= 2.30908.0)
    - PromisesObjC (~> 2.1)
  - FirebaseInstallations (10.11.0):
    - FirebaseCore (~> 10.0)
    - GoogleUtilities/Environment (~> 7.8)
    - GoogleUtilities/UserDefaults (~> 7.8)
    - PromisesObjC (~> 2.1)
  - FirebasePerformance (10.10.0):
    - FirebaseCore (~> 10.5)
    - FirebaseInstallations (~> 10.0)
    - FirebaseRemoteConfig (~> 10.0)
    - FirebaseSessions (~> 10.5)
    - GoogleDataTransport (~> 9.2)
    - GoogleUtilities/Environment (~> 7.8)
    - GoogleUtilities/ISASwizzler (~> 7.8)
    - GoogleUtilities/MethodSwizzler (~> 7.8)
    - nanopb (< 2.30910.0, >= 2.30908.0)
  - FirebaseRemoteConfig (10.11.0):
    - FirebaseABTesting (~> 10.0)
    - FirebaseCore (~> 10.0)
    - FirebaseInstallations (~> 10.0)
    - GoogleUtilities/Environment (~> 7.8)
    - "GoogleUtilities/NSData+zlib (~> 7.8)"
  - FirebaseSessions (10.11.0):
    - FirebaseCore (~> 10.5)
    - FirebaseCoreExtension (~> 10.0)
    - FirebaseInstallations (~> 10.0)
    - GoogleDataTransport (~> 9.2)
    - GoogleUtilities/Environment (~> 7.10)
    - nanopb (< 2.30910.0, >= 2.30908.0)
    - PromisesSwift (~> 2.1)
  - Flutter (1.0.0)
  - flutter_inappwebview (0.0.1):
    - Flutter
    - flutter_inappwebview/Core (= 0.0.1)
    - OrderedSet (~> 5.0)
  - flutter_inappwebview/Core (0.0.1):
    - Flutter
    - OrderedSet (~> 5.0)
  - GoogleDataTransport (9.2.3):
    - GoogleUtilities/Environment (~> 7.7)
    - nanopb (< 2.30910.0, >= 2.30908.0)
    - PromisesObjC (< 3.0, >= 1.2)
  - GoogleUtilities/Environment (7.11.1):
    - PromisesObjC (< 3.0, >= 1.2)
  - GoogleUtilities/ISASwizzler (7.11.1)
  - GoogleUtilities/Logger (7.11.1):
    - GoogleUtilities/Environment
  - GoogleUtilities/MethodSwizzler (7.11.1):
    - GoogleUtilities/Logger
  - "GoogleUtilities/NSData+zlib (7.11.1)"
  - GoogleUtilities/UserDefaults (7.11.1):
    - GoogleUtilities/Logger
  - nanopb (2.30909.0):
    - nanopb/decode (= 2.30909.0)
    - nanopb/encode (= 2.30909.0)
  - nanopb/decode (2.30909.0)
  - nanopb/encode (2.30909.0)
  - onesignal_flutter (3.5.1):
    - Flutter
    - OneSignalXCFramework (= 3.12.4)
  - OneSignalXCFramework (3.12.4):
    - OneSignalXCFramework/OneSignalCore (= 3.12.4)
    - OneSignalXCFramework/OneSignalExtension (= 3.12.4)
    - OneSignalXCFramework/OneSignalOutcomes (= 3.12.4)
  - OneSignalXCFramework/OneSignalCore (3.12.4)
  - OneSignalXCFramework/OneSignalExtension (3.12.4):
    - OneSignalXCFramework/OneSignalCore
    - OneSignalXCFramework/OneSignalOutcomes
  - OneSignalXCFramework/OneSignalOutcomes (3.12.4):
    - OneSignalXCFramework/OneSignalCore
  - OrderedSet (5.0.0)
  - PromisesObjC (2.2.0)
  - PromisesSwift (2.2.0):
    - PromisesObjC (= 2.2.0)
  - ReachabilitySwift (5.0.0)

DEPENDENCIES:
  - connectivity_plus (from `.symlinks/plugins/connectivity_plus/ios`)
  - firebase_core (from `.symlinks/plugins/firebase_core/ios`)
  - firebase_crashlytics (from `.symlinks/plugins/firebase_crashlytics/ios`)
  - firebase_performance (from `.symlinks/plugins/firebase_performance/ios`)
  - Flutter (from `Flutter`)
  - flutter_inappwebview (from `.symlinks/plugins/flutter_inappwebview/ios`)
  - onesignal_flutter (from `.symlinks/plugins/onesignal_flutter/ios`)
  - OneSignalXCFramework (< 4.0, >= 3.4.3)

SPEC REPOS:
  trunk:
    - Firebase
    - FirebaseABTesting
    - FirebaseCore
    - FirebaseCoreExtension
    - FirebaseCoreInternal
    - FirebaseCrashlytics
    - FirebaseInstallations
    - FirebasePerformance
    - FirebaseRemoteConfig
    - FirebaseSessions
    - GoogleDataTransport
    - GoogleUtilities
    - nanopb
    - OneSignalXCFramework
    - OrderedSet
    - PromisesObjC
    - PromisesSwift
    - ReachabilitySwift

EXTERNAL SOURCES:
  connectivity_plus:
    :path: ".symlinks/plugins/connectivity_plus/ios"
  firebase_core:
    :path: ".symlinks/plugins/firebase_core/ios"
  firebase_crashlytics:
    :path: ".symlinks/plugins/firebase_crashlytics/ios"
  firebase_performance:
    :path: ".symlinks/plugins/firebase_performance/ios"
  Flutter:
    :path: Flutter
  flutter_inappwebview:
    :path: ".symlinks/plugins/flutter_inappwebview/ios"
  onesignal_flutter:
    :path: ".symlinks/plugins/onesignal_flutter/ios"

SPEC CHECKSUMS:
  connectivity_plus: 07c49e96d7fc92bc9920617b83238c4d178b446a
  Firebase: facd334e557a979bd03a0b58d90fd56b52b8aba0
  firebase_core: 85b6664038311940ad60584eaabc73103c61f5de
  firebase_crashlytics: cd12245f604099a4ef6557fb36490abe309a118a
  firebase_performance: 1e6496ae6464861c0ed1bcda8c0d9b7440469502
  FirebaseABTesting: 3f6b711718feb87346dc05f8c964601bc8fb2cf6
  FirebaseCore: d027ff503d37edb78db98429b11f580a24a7df2a
  FirebaseCoreExtension: cacdad57fdb60e0b86dcbcac058ec78237946759
  FirebaseCoreInternal: 9e46c82a14a3b3a25be4e1e151ce6d21536b89c0
  FirebaseCrashlytics: bc8f3bed7f4d04be79d87391455efb4c9b163131
  FirebaseInstallations: 2a2c6859354cbec0a228a863d4daf6de7c74ced4
  FirebasePerformance: 7ae687b2d6e9656ecd62847053d61adcc96ba544
  FirebaseRemoteConfig: 5f907cd5cf6f64d026c8bfd196a1086cbe1e95e2
  FirebaseSessions: a62ba5c45284adb7714f4126cfbdb32b17c260bd
  Flutter: f04841e97a9d0b0a8025694d0796dd46242b2854
  flutter_inappwebview: 50b55a88f5dddadc9e741a7caf72f378116e2156
  GoogleDataTransport: f0308f5905a745f94fb91fea9c6cbaf3831cb1bd
  GoogleUtilities: 9aa0ad5a7bc171f8bae016300bfcfa3fb8425749
  nanopb: b552cce312b6c8484180ef47159bc0f65a1f0431
  onesignal_flutter: b8ac01bc3ebe47e798d7d775455c3a9b5b84f1c5
  OneSignalXCFramework: 087934ab0d4d7445fcf1c015c7c782359e26c020
  OrderedSet: aaeb196f7fef5a9edf55d89760da9176ad40b93c
  PromisesObjC: 09985d6d70fbe7878040aa746d78236e6946d2ef
  PromisesSwift: cf9eb58666a43bbe007302226e510b16c1e10959
  ReachabilitySwift: 985039c6f7b23a1da463388634119492ff86c825

PODFILE CHECKSUM: c9a412d0bab73417ada5d96c52966f5e7fa565a6

COCOAPODS: 1.12.1
